
Microsoft Visual Studio Solution File, Format Version 12.00
# Visual Studio Version 17
VisualStudioVersion = 17.10.35027.167
MinimumVisualStudioVersion = 10.0.40219.1
Project("{FAE04EC0-301F-11D3-BF4B-00C04F79EFBC}") = "Conference Organization Management", "Conference Organization Management.csproj", "{6910371A-6D71-41D8-BE74-E2EDE3FE2198}"
EndProject
Global
	GlobalSection(SolutionConfigurationPlatforms) = preSolution
		Debug|Any CPU = Debug|Any CPU
		Release|Any CPU = Release|Any CPU
	EndGlobalSection
	GlobalSection(ProjectConfigurationPlatforms) = postSolution
		{6910371A-6D71-41D8-BE74-E2EDE3FE2198}.Debug|Any CPU.ActiveCfg = Debug|Any CPU
		{6910371A-6D71-41D8-BE74-E2EDE3FE2198}.Debug|Any CPU.Build.0 = Debug|Any CPU
		{6910371A-6D71-41D8-BE74-E2EDE3FE2198}.Release|Any CPU.ActiveCfg = Release|Any CPU
		{6910371A-6D71-41D8-BE74-E2EDE3FE2198}.Release|Any CPU.Build.0 = Release|Any CPU
	EndGlobalSection
	GlobalSection(SolutionProperties) = preSolution
		HideSolutionNode = FALSE
	EndGlobalSection
	GlobalSection(ExtensibilityGlobals) = postSolution
		SolutionGuid = {24FB8FD2-BAFC-4207-A74C-60D21602FC7C}
	EndGlobalSection
EndGlobal
